
Microsoft Visual Studio Solution File, Format Version 12.00
# Visual Studio Version 17
VisualStudioVersion = 17.9.34723.18
MinimumVisualStudioVersion = 10.0.40219.1
Project("{FAE04EC0-301F-11D3-BF4B-00C04F79EFBC}") = "corralon-app", "corralon-app\corralon-app.csproj", "{F4791C1D-AE0E-41B3-A27F-A8987B784B29}"
EndProject
Project("{FAE04EC0-301F-11D3-BF4B-00C04F79EFBC}") = "DAL", "DAL\DAL.csproj", "{290E5551-0B11-4A08-A238-B9C190C4DF74}"
EndProject
Project("{FAE04EC0-301F-11D3-BF4B-00C04F79EFBC}") = "BDE", "BDE\BDE.csproj", "{517C98AF-0CC3-4215-8041-B79835458397}"
EndProject
Project("{FAE04EC0-301F-11D3-BF4B-00C04F79EFBC}") = "BLL", "BLL\BLL.csproj", "{E35554E4-E0A6-4DE4-9817-6AD8BA54F391}"
EndProject
Project("{FAE04EC0-301F-11D3-BF4B-00C04F79EFBC}") = "SVC", "SVC\SVC.csproj", "{9C47EA4D-B551-4C0C-B7CE-57499D376AA3}"
EndProject
Global
	GlobalSection(SolutionConfigurationPlatforms) = preSolution
		Debug|Any CPU = Debug|Any CPU
		Release|Any CPU = Release|Any CPU
	EndGlobalSection
	GlobalSection(ProjectConfigurationPlatforms) = postSolution
		{F4791C1D-AE0E-41B3-A27F-A8987B784B29}.Debug|Any CPU.ActiveCfg = Debug|Any CPU
		{F4791C1D-AE0E-41B3-A27F-A8987B784B29}.Debug|Any CPU.Build.0 = Debug|Any CPU
		{F4791C1D-AE0E-41B3-A27F-A8987B784B29}.Release|Any CPU.ActiveCfg = Release|Any CPU
		{F4791C1D-AE0E-41B3-A27F-A8987B784B29}.Release|Any CPU.Build.0 = Release|Any CPU
		{290E5551-0B11-4A08-A238-B9C190C4DF74}.Debug|Any CPU.ActiveCfg = Debug|Any CPU
		{290E5551-0B11-4A08-A238-B9C190C4DF74}.Debug|Any CPU.Build.0 = Debug|Any CPU
		{290E5551-0B11-4A08-A238-B9C190C4DF74}.Release|Any CPU.ActiveCfg = Release|Any CPU
		{290E5551-0B11-4A08-A238-B9C190C4DF74}.Release|Any CPU.Build.0 = Release|Any CPU
		{517C98AF-0CC3-4215-8041-B79835458397}.Debug|Any CPU.ActiveCfg = Debug|Any CPU
		{517C98AF-0CC3-4215-8041-B79835458397}.Debug|Any CPU.Build.0 = Debug|Any CPU
		{517C98AF-0CC3-4215-8041-B79835458397}.Release|Any CPU.ActiveCfg = Release|Any CPU
		{517C98AF-0CC3-4215-8041-B79835458397}.Release|Any CPU.Build.0 = Release|Any CPU
		{E35554E4-E0A6-4DE4-9817-6AD8BA54F391}.Debug|Any CPU.ActiveCfg = Debug|Any CPU
		{E35554E4-E0A6-4DE4-9817-6AD8BA54F391}.Debug|Any CPU.Build.0 = Debug|Any CPU
		{E35554E4-E0A6-4DE4-9817-6AD8BA54F391}.Release|Any CPU.ActiveCfg = Release|Any CPU
		{E35554E4-E0A6-4DE4-9817-6AD8BA54F391}.Release|Any CPU.Build.0 = Release|Any CPU
		{9C47EA4D-B551-4C0C-B7CE-57499D376AA3}.Debug|Any CPU.ActiveCfg = Debug|Any CPU
		{9C47EA4D-B551-4C0C-B7CE-57499D376AA3}.Debug|Any CPU.Build.0 = Debug|Any CPU
		{9C47EA4D-B551-4C0C-B7CE-57499D376AA3}.Release|Any CPU.ActiveCfg = Release|Any CPU
		{9C47EA4D-B551-4C0C-B7CE-57499D376AA3}.Release|Any CPU.Build.0 = Release|Any CPU
	EndGlobalSection
	GlobalSection(SolutionProperties) = preSolution
		HideSolutionNode = FALSE
	EndGlobalSection
	GlobalSection(ExtensibilityGlobals) = postSolution
		SolutionGuid = {FF4085F4-1C92-49AC-8767-810E65B8E99A}
	EndGlobalSection
EndGlobal
