
Microsoft Visual Studio Solution File, Format Version 12.00
# Visual Studio Version 17
VisualStudioVersion = 17.9.34723.18
MinimumVisualStudioVersion = 10.0.40219.1
Project("{FAE04EC0-301F-11D3-BF4B-00C04F79EFBC}") = "UI", "UI\UI.csproj", "{157DEA15-6DC7-493B-B689-B17A9C081E4F}"
EndProject
Project("{FAE04EC0-301F-11D3-BF4B-00C04F79EFBC}") = "DAL", "DAL\DAL.csproj", "{17C0E092-8056-4B66-862A-5DE641160524}"
EndProject
Project("{FAE04EC0-301F-11D3-BF4B-00C04F79EFBC}") = "BDE", "BDE\BDE.csproj", "{C0A3E35D-5042-431F-A6EE-8980E9E548C8}"
EndProject
Project("{FAE04EC0-301F-11D3-BF4B-00C04F79EFBC}") = "SVC", "SVC\SVC.csproj", "{2E64FE1A-4C24-4E0A-B9C3-066238A4EFFB}"
EndProject
Project("{FAE04EC0-301F-11D3-BF4B-00C04F79EFBC}") = "BLL", "BLL\BLL.csproj", "{05D6A5C1-B8CC-4810-8A08-5D90054E0FFB}"
EndProject
Global
	GlobalSection(SolutionConfigurationPlatforms) = preSolution
		Debug|Any CPU = Debug|Any CPU
		Release|Any CPU = Release|Any CPU
	EndGlobalSection
	GlobalSection(ProjectConfigurationPlatforms) = postSolution
		{157DEA15-6DC7-493B-B689-B17A9C081E4F}.Debug|Any CPU.ActiveCfg = Debug|Any CPU
		{157DEA15-6DC7-493B-B689-B17A9C081E4F}.Debug|Any CPU.Build.0 = Debug|Any CPU
		{157DEA15-6DC7-493B-B689-B17A9C081E4F}.Release|Any CPU.ActiveCfg = Release|Any CPU
		{157DEA15-6DC7-493B-B689-B17A9C081E4F}.Release|Any CPU.Build.0 = Release|Any CPU
		{17C0E092-8056-4B66-862A-5DE641160524}.Debug|Any CPU.ActiveCfg = Debug|Any CPU
		{17C0E092-8056-4B66-862A-5DE641160524}.Debug|Any CPU.Build.0 = Debug|Any CPU
		{17C0E092-8056-4B66-862A-5DE641160524}.Release|Any CPU.ActiveCfg = Release|Any CPU
		{17C0E092-8056-4B66-862A-5DE641160524}.Release|Any CPU.Build.0 = Release|Any CPU
		{C0A3E35D-5042-431F-A6EE-8980E9E548C8}.Debug|Any CPU.ActiveCfg = Debug|Any CPU
		{C0A3E35D-5042-431F-A6EE-8980E9E548C8}.Debug|Any CPU.Build.0 = Debug|Any CPU
		{C0A3E35D-5042-431F-A6EE-8980E9E548C8}.Release|Any CPU.ActiveCfg = Release|Any CPU
		{C0A3E35D-5042-431F-A6EE-8980E9E548C8}.Release|Any CPU.Build.0 = Release|Any CPU
		{2E64FE1A-4C24-4E0A-B9C3-066238A4EFFB}.Debug|Any CPU.ActiveCfg = Debug|Any CPU
		{2E64FE1A-4C24-4E0A-B9C3-066238A4EFFB}.Debug|Any CPU.Build.0 = Debug|Any CPU
		{2E64FE1A-4C24-4E0A-B9C3-066238A4EFFB}.Release|Any CPU.ActiveCfg = Release|Any CPU
		{2E64FE1A-4C24-4E0A-B9C3-066238A4EFFB}.Release|Any CPU.Build.0 = Release|Any CPU
		{05D6A5C1-B8CC-4810-8A08-5D90054E0FFB}.Debug|Any CPU.ActiveCfg = Debug|Any CPU
		{05D6A5C1-B8CC-4810-8A08-5D90054E0FFB}.Debug|Any CPU.Build.0 = Debug|Any CPU
		{05D6A5C1-B8CC-4810-8A08-5D90054E0FFB}.Release|Any CPU.ActiveCfg = Release|Any CPU
		{05D6A5C1-B8CC-4810-8A08-5D90054E0FFB}.Release|Any CPU.Build.0 = Release|Any CPU
	EndGlobalSection
	GlobalSection(SolutionProperties) = preSolution
		HideSolutionNode = FALSE
	EndGlobalSection
	GlobalSection(ExtensibilityGlobals) = postSolution
		SolutionGuid = {FF4085F4-1C92-49AC-8767-810E65B8E99A}
	EndGlobalSection
EndGlobal
